
Microsoft Visual Studio Solution File, Format Version 12.00
# Visual Studio Version 16
VisualStudioVersion = 16.0.30907.101
MinimumVisualStudioVersion = 10.0.40219.1
Project("{FAE04EC0-301F-11D3-BF4B-00C04F79EFBC}") = "GameProject", "GameProject\GameProject.csproj", "{3E2F4E50-95DB-469A-BC27-44388CB300D4}"
EndProject
Global
	GlobalSection(SolutionConfigurationPlatforms) = preSolution
		Debug|Any CPU = Debug|Any CPU
		Release|Any CPU = Release|Any CPU
	EndGlobalSection
	GlobalSection(ProjectConfigurationPlatforms) = postSolution
		{3E2F4E50-95DB-469A-BC27-44388CB300D4}.Debug|Any CPU.ActiveCfg = Debug|Any CPU
		{3E2F4E50-95DB-469A-BC27-44388CB300D4}.Debug|Any CPU.Build.0 = Debug|Any CPU
		{3E2F4E50-95DB-469A-BC27-44388CB300D4}.Release|Any CPU.ActiveCfg = Release|Any CPU
		{3E2F4E50-95DB-469A-BC27-44388CB300D4}.Release|Any CPU.Build.0 = Release|Any CPU
	EndGlobalSection
	GlobalSection(SolutionProperties) = preSolution
		HideSolutionNode = FALSE
	EndGlobalSection
	GlobalSection(ExtensibilityGlobals) = postSolution
		SolutionGuid = {0F13CACC-566D-425B-AB2A-BCFC476DEE95}
	EndGlobalSection
EndGlobal
